// !$*UTF8*$!
{
	archiveVersion = 1;
	classes = {
	};
	objectVersion = 46;
	objects = {

/* Begin PBXBuildFile section */
		BD577AE41C5C506A00C00E8D /* AppDelegate.swift in Sources */ = {isa = PBXBuildFile; fileRef = BD577AE31C5C506A00C00E8D /* AppDelegate.swift */; };
		BD577AE61C5C506A00C00E8D /* ViewController.swift in Sources */ = {isa = PBXBuildFile; fileRef = BD577AE51C5C506A00C00E8D /* ViewController.swift */; };
		BD577AE91C5C506A00C00E8D /* Main.storyboard in Resources */ = {isa = PBXBuildFile; fileRef = BD577AE71C5C506A00C00E8D /* Main.storyboard */; };
		BD577AEB1C5C506A00C00E8D /* Assets.xcassets in Resources */ = {isa = PBXBuildFile; fileRef = BD577AEA1C5C506A00C00E8D /* Assets.xcassets */; };
		BD577AEE1C5C506A00C00E8D /* LaunchScreen.storyboard in Resources */ = {isa = PBXBuildFile; fileRef = BD577AEC1C5C506A00C00E8D /* LaunchScreen.storyboard */; };
/* End PBXBuildFile section */

/* Begin PBXFileReference section */
		BD577AE01C5C506A00C00E8D /* Neighborhood Watch.app */ = {isa = PBXFileReference; explicitFileType = wrapper.application; includeInIndex = 0; path = "Neighborhood Watch.app"; sourceTree = BUILT_PRODUCTS_DIR; };
		BD577AE31C5C506A00C00E8D /* AppDelegate.swift */ = {isa = PBXFileReference; lastKnownFileType = sourcecode.swift; path = AppDelegate.swift; sourceTree = "<group>"; };
		BD577AE51C5C506A00C00E8D /* ViewController.swift */ = {isa = PBXFileReference; lastKnownFileType = sourcecode.swift; path = ViewController.swift; sourceTree = "<group>"; };
		BD577AE81C5C506A00C00E8D /* Base */ = {isa = PBXFileReference; lastKnownFileType = file.storyboard; name = Base; path = Base.lproj/Main.storyboard; sourceTree = "<group>"; };
		BD577AEA1C5C506A00C00E8D /* Assets.xcassets */ = {isa = PBXFileReference; lastKnownFileType = folder.assetcatalog; path = Assets.xcassets; sourceTree = "<group>"; };
		BD577AED1C5C506A00C00E8D /* Base */ = {isa = PBXFileReference; lastKnownFileType = file.storyboard; name = Base; path = Base.lproj/LaunchScreen.storyboard; sourceTree = "<group>"; };
		BD577AEF1C5C506A00C00E8D /* Info.plist */ = {isa = PBXFileReference; lastKnownFileType = text.plist.xml; path = Info.plist; sourceTree = "<group>"; };
/* End PBXFileReference section */

/* Begin PBXFrameworksBuildPhase section */
		BD577ADD1C5C506A00C00E8D /* Frameworks */ = {
			isa = PBXFrameworksBuildPhase;
			buildActionMask = 2147483647;
			files = (
			);
			runOnlyForDeploymentPostprocessing = 0;
		};
/* End PBXFrameworksBuildPhase section */

/* Begin PBXGroup section */
		BD577AD71C5C506A00C00E8D = {
			isa = PBXGroup;
			children = (
				BD577AE21C5C506A00C00E8D /* Neighborhood Watch */,
				BD577AE11C5C506A00C00E8D /* Products */,
			);
			sourceTree = "<group>";
		};
		BD577AE11C5C506A00C00E8D /* Products */ = {
			isa = PBXGroup;
			children = (
				BD577AE01C5C506A00C00E8D /* Neighborhood Watch.app */,
			);
			name = Products;
			sourceTree = "<group>";
		};
		BD577AE21C5C506A00C00E8D /* Neighborhood Watch */ = {
			isa = PBXGroup;
			children = (
				BD577AE31C5C506A00C00E8D /* AppDelegate.swift */,
				BD577AE51C5C506A00C00E8D /* ViewController.swift */,
				BD577AE71C5C506A00C00E8D /* Main.storyboard */,
				BD577AEA1C5C506A00C00E8D /* Assets.xcassets */,
				BD577AEC1C5C506A00C00E8D /* LaunchScreen.storyboard */,
				BD577AEF1C5C506A00C00E8D /* Info.plist */,
			);
			path = "Neighborhood Watch";
			sourceTree = "<group>";
		};
/* End PBXGroup section */

/* Begin PBXNativeTarget section */
		BD577ADF1C5C506A00C00E8D /* Neighborhood Watch */ = {
			isa = PBXNativeTarget;
			buildConfigurationList = BD577AF21C5C506A00C00E8D /* Build configuration list for PBXNativeTarget "Neighborhood Watch" */;
			buildPhases = (
				BD577ADC1C5C506A00C00E8D /* Sources */,
				BD577ADD1C5C506A00C00E8D /* Frameworks */,
				BD577ADE1C5C506A00C00E8D /* Resources */,
			);
			buildRules = (
			);
			dependencies = (
			);
			name = "Neighborhood Watch";
			productName = "Neighborhood Watch";
			productReference = BD577AE01C5C506A00C00E8D /* Neighborhood Watch.app */;
			productType = "com.apple.product-type.application";
		};
/* End PBXNativeTarget section */

/* Begin PBXProject section */
		BD577AD81C5C506A00C00E8D /* Project object */ = {
			isa = PBXProject;
			attributes = {
				LastSwiftUpdateCheck = 0720;
				LastUpgradeCheck = 0720;
				ORGANIZATIONNAME = "Digimark Technical Solutions";
				TargetAttributes = {
					BD577ADF1C5C506A00C00E8D = {
						CreatedOnToolsVersion = 7.2;
					};
				};
			};
			buildConfigurationList = BD577ADB1C5C506A00C00E8D /* Build configuration list for PBXProject "Neighborhood Watch" */;
			compatibilityVersion = "Xcode 3.2";
			developmentRegion = English;
			hasScannedForEncodings = 0;
			knownRegions = (
				en,
				Base,
			);
			mainGroup = BD577AD71C5C506A00C00E8D;
			productRefGroup = BD577AE11C5C506A00C00E8D /* Products */;
			projectDirPath = "";
			projectRoot = "";
			targets = (
				BD577ADF1C5C506A00C00E8D /* Neighborhood Watch */,
			);
		};
/* End PBXProject section */

/* Begin PBXResourcesBuildPhase section */
		BD577ADE1C5C506A00C00E8D /* Resources */ = {
			isa = PBXResourcesBuildPhase;
			buildActionMask = 2147483647;
			files = (
				BD577AEE1C5C506A00C00E8D /* LaunchScreen.storyboard in Resources */,
				BD577AEB1C5C506A00C00E8D /* Assets.xcassets in Resources */,
				BD577AE91C5C506A00C00E8D /* Main.storyboard in Resources */,
			);
			runOnlyForDeploymentPostprocessing = 0;
		};
/* End PBXResourcesBuildPhase section */

/* Begin PBXSourcesBuildPhase section */
		BD577ADC1C5C506A00C00E8D /* Sources */ = {
			isa = PBXSourcesBuildPhase;
			buildActionMask = 2147483647;
			files = (
				BD577AE61C5C506A00C00E8D /* ViewController.swift in Sources */,
				BD577AE41C5C506A00C00E8D /* AppDelegate.swift in Sources */,
			);
			runOnlyForDeploymentPostprocessing = 0;
		};
/* End PBXSourcesBuildPhase section */

/* Begin PBXVariantGroup section */
		BD577AE71C5C506A00C00E8D /* Main.storyboard */ = {
			isa = PBXVariantGroup;
			children = (
				BD577AE81C5C506A00C00E8D /* Base */,
			);
			name = Main.storyboard;
			sourceTree = "<group>";
		};
		BD577AEC1C5C506A00C00E8D /* LaunchScreen.storyboard */ = {
			isa = PBXVariantGroup;
			children = (
				BD577AED1C5C506A00C00E8D /* Base */,
			);
			name = LaunchScreen.storyboard;
			sourceTree = "<group>";
		};
/* End PBXVariantGroup section */

/* Begin XCBuildConfiguration section */
		BD577AF01C5C506A00C00E8D /* Debug */ = {
			isa = XCBuildConfiguration;
			buildSettings = {
				ALWAYS_SEARCH_USER_PATHS = NO;
				CLANG_CXX_LANGUAGE_STANDARD = "gnu++0x";
				CLANG_CXX_LIBRARY = "libc++";
				CLANG_ENABLE_MODULES = YES;
				CLANG_ENABLE_OBJC_ARC = YES;
				CLANG_WARN_BOOL_CONVERSION = YES;
				CLANG_WARN_CONSTANT_CONVERSION = YES;
				CLANG_WARN_DIRECT_OBJC_ISA_USAGE = YES_ERROR;
				CLANG_WARN_EMPTY_BODY = YES;
				CLANG_WARN_ENUM_CONVERSION = YES;
				CLANG_WARN_INT_CONVERSION = YES;
				CLANG_WARN_OBJC_ROOT_CLASS = YES_ERROR;
				CLANG_WARN_UNREACHABLE_CODE = YES;
				CLANG_WARN__DUPLICATE_METHOD_MATCH = YES;
				"CODE_SIGN_IDENTITY[sdk=iphoneos*]" = "iPhone Developer";
				COPY_PHASE_STRIP = NO;
				DEBUG_INFORMATION_FORMAT = dwarf;
				ENABLE_STRICT_OBJC_MSGSEND = YES;
				ENABLE_TESTABILITY = YES;
				GCC_C_LANGUAGE_STANDARD = gnu99;
				GCC_DYNAMIC_NO_PIC = NO;
				GCC_NO_COMMON_BLOCKS = YES;
				GCC_OPTIMIZATION_LEVEL = 0;
				GCC_PREPROCESSOR_DEFINITIONS = (
					"DEBUG=1",
					"$(inherited)",
				);
				GCC_WARN_64_TO_32_BIT_CONVERSION = YES;
				GCC_WARN_ABOUT_RETURN_TYPE = YES_ERROR;
				GCC_WARN_UNDECLARED_SELECTOR = YES;
				GCC_WARN_UNINITIALIZED_AUTOS = YES_AGGRESSIVE;
				GCC_WARN_UNUSED_FUNCTION = YES;
				GCC_WARN_UNUSED_VARIABLE = YES;
				IPHONEOS_DEPLOYMENT_TARGET = 9.2;
				MTL_ENABLE_DEBUG_INFO = YES;
				ONLY_ACTIVE_ARCH = YES;
				SDKROOT = iphoneos;
				SWIFT_OPTIMIZATION_LEVEL = "-Onone";
			};
			name = Debug;
		};
		BD577AF11C5C506A00C00E8D /* Release */ = {
			isa = XCBuildConfiguration;
			buildSettings = {
				ALWAYS_SEARCH_USER_PATHS = NO;
				CLANG_CXX_LANGUAGE_STANDARD = "gnu++0x";
				CLANG_CXX_LIBRARY = "libc++";
				CLANG_ENABLE_MODULES = YES;
				CLANG_ENABLE_OBJC_ARC = YES;
				CLANG_WARN_BOOL_CONVERSION = YES;
				CLANG_WARN_CONSTANT_CONVERSION = YES;
				CLANG_WARN_DIRECT_OBJC_ISA_USAGE = YES_ERROR;
				CLANG_WARN_EMPTY_BODY = YES;
				CLANG_WARN_ENUM_CONVERSION = YES;
				CLANG_WARN_INT_CONVERSION = YES;
				CLANG_WARN_OBJC_ROOT_CLASS = YES_ERROR;
				CLANG_WARN_UNREACHABLE_CODE = YES;
				CLANG_WARN__DUPLICATE_METHOD_MATCH = YES;
				"CODE_SIGN_IDENTITY[sdk=iphoneos*]" = "iPhone Developer";
				COPY_PHASE_STRIP = NO;
				DEBUG_INFORMATION_FORMAT = "dwarf-with-dsym";
				ENABLE_NS_ASSERTIONS = NO;
				ENABLE_STRICT_OBJC_MSGSEND = YES;
				GCC_C_LANGUAGE_STANDARD = gnu99;
				GCC_NO_COMMON_BLOCKS = YES;
				GCC_WARN_64_TO_32_BIT_CONVERSION = YES;
				GCC_WARN_ABOUT_RETURN_TYPE = YES_ERROR;
				GCC_WARN_UNDECLARED_SELECTOR = YES;
				GCC_WARN_UNINITIALIZED_AUTOS = YES_AGGRESSIVE;
				GCC_WARN_UNUSED_FUNCTION = YES;
				GCC_WARN_UNUSED_VARIABLE = YES;
				IPHONEOS_DEPLOYMENT_TARGET = 9.2;
				MTL_ENABLE_DEBUG_INFO = NO;
				SDKROOT = iphoneos;
				VALIDATE_PRODUCT = YES;
			};
			name = Release;
		};
		BD577AF31C5C506A00C00E8D /* Debug */ = {
			isa = XCBuildConfiguration;
			buildSettings = {
				ASSETCATALOG_COMPILER_APPICON_NAME = AppIcon;
				INFOPLIST_FILE = "Neighborhood Watch/Info.plist";
				LD_RUNPATH_SEARCH_PATHS = "$(inherited) @executable_path/Frameworks";
				PRODUCT_BUNDLE_IDENTIFIER = "com.digimarktech.Neighborhood-Watch";
				PRODUCT_NAME = "$(TARGET_NAME)";
			};
			name = Debug;
		};
		BD577AF41C5C506A00C00E8D /* Release */ = {
			isa = XCBuildConfiguration;
			buildSettings = {
				ASSETCATALOG_COMPILER_APPICON_NAME = AppIcon;
				INFOPLIST_FILE = "Neighborhood Watch/Info.plist";
				LD_RUNPATH_SEARCH_PATHS = "$(inherited) @executable_path/Frameworks";
				PRODUCT_BUNDLE_IDENTIFIER = "com.digimarktech.Neighborhood-Watch";
				PRODUCT_NAME = "$(TARGET_NAME)";
			};
			name = Release;
		};
/* End XCBuildConfiguration section */

/* Begin XCConfigurationList section */
		BD577ADB1C5C506A00C00E8D /* Build configuration list for PBXProject "Neighborhood Watch" */ = {
			isa = XCConfigurationList;
			buildConfigurations = (
				BD577AF01C5C506A00C00E8D /* Debug */,
				BD577AF11C5C506A00C00E8D /* Release */,
			);
			defaultConfigurationIsVisible = 0;
			defaultConfigurationName = Release;
		};
		BD577AF21C5C506A00C00E8D /* Build configuration list for PBXNativeTarget "Neighborhood Watch" */ = {
			isa = XCConfigurationList;
			buildConfigurations = (
				BD577AF31C5C506A00C00E8D /* Debug */,
				BD577AF41C5C506A00C00E8D /* Release */,
			);
			defaultConfigurationIsVisible = 0;
		};
/* End XCConfigurationList section */
	};
	rootObject = BD577AD81C5C506A00C00E8D /* Project object */;
}
